
Microsoft Visual Studio Solution File, Format Version 12.00
# Visual Studio Version 17
VisualStudioVersion = 17.8.34511.84
MinimumVisualStudioVersion = 10.0.40219.1
Project("{9A19103F-16F7-4668-BE54-9A1E7A4F7556}") = "TV+", "TV+\TV+.csproj", "{4E50D56F-57EA-4FFB-B930-D8097F5CAB0E}"
EndProject
Project("{9A19103F-16F7-4668-BE54-9A1E7A4F7556}") = "DataBase", "DataBase\DataBase.csproj", "{F47164EA-FE63-47EC-BF65-860AABDE8D8B}"
EndProject
Project("{9A19103F-16F7-4668-BE54-9A1E7A4F7556}") = "Application", "Application\Application.csproj", "{E85C0073-6BA0-4898-9B01-110C0102865F}"
EndProject
Global
	GlobalSection(SolutionConfigurationPlatforms) = preSolution
		Debug|Any CPU = Debug|Any CPU
		Release|Any CPU = Release|Any CPU
	EndGlobalSection
	GlobalSection(ProjectConfigurationPlatforms) = postSolution
		{4E50D56F-57EA-4FFB-B930-D8097F5CAB0E}.Debug|Any CPU.ActiveCfg = Debug|Any CPU
		{4E50D56F-57EA-4FFB-B930-D8097F5CAB0E}.Debug|Any CPU.Build.0 = Debug|Any CPU
		{4E50D56F-57EA-4FFB-B930-D8097F5CAB0E}.Release|Any CPU.ActiveCfg = Release|Any CPU
		{4E50D56F-57EA-4FFB-B930-D8097F5CAB0E}.Release|Any CPU.Build.0 = Release|Any CPU
		{F47164EA-FE63-47EC-BF65-860AABDE8D8B}.Debug|Any CPU.ActiveCfg = Debug|Any CPU
		{F47164EA-FE63-47EC-BF65-860AABDE8D8B}.Debug|Any CPU.Build.0 = Debug|Any CPU
		{F47164EA-FE63-47EC-BF65-860AABDE8D8B}.Release|Any CPU.ActiveCfg = Release|Any CPU
		{F47164EA-FE63-47EC-BF65-860AABDE8D8B}.Release|Any CPU.Build.0 = Release|Any CPU
		{E85C0073-6BA0-4898-9B01-110C0102865F}.Debug|Any CPU.ActiveCfg = Debug|Any CPU
		{E85C0073-6BA0-4898-9B01-110C0102865F}.Debug|Any CPU.Build.0 = Debug|Any CPU
		{E85C0073-6BA0-4898-9B01-110C0102865F}.Release|Any CPU.ActiveCfg = Release|Any CPU
		{E85C0073-6BA0-4898-9B01-110C0102865F}.Release|Any CPU.Build.0 = Release|Any CPU
	EndGlobalSection
	GlobalSection(SolutionProperties) = preSolution
		HideSolutionNode = FALSE
	EndGlobalSection
	GlobalSection(ExtensibilityGlobals) = postSolution
		SolutionGuid = {6F236FEC-526B-4246-9E0A-2A0A1469E57A}
	EndGlobalSection
EndGlobal
